{
  "name": "@larktask/aamp-feishu-task-agent",
  "version": "0.1.1-dev.7",
  "lockfileVersion": 3,
  "requires": true,
  "packages": {
    "": {
      "name": "@larktask/aamp-feishu-task-agent",
      "version": "0.1.1-dev.7",
      "license": "MIT",
      "bin": {
        "aamp-feishu-task-agent": "bootstrap/aamp-feishu-task-agent-bootstrap.sh",
        "feishu-task-agent": "bootstrap/aamp-feishu-task-agent-bootstrap.sh",
        "aamp-logs": "bin/aamp-logs.mjs"
      }
    }
  }
}
