{
  "name": "@zengxingyuan/aamp-feishu-task-agent",
  "version": "0.1.0-dev.50",
  "lockfileVersion": 3,
  "requires": true,
  "packages": {
    "": {
      "name": "@zengxingyuan/aamp-feishu-task-agent",
      "version": "0.1.0-dev.50",
      "license": "MIT",
      "bin": {
        "aamp-feishu-task-agent": "bootstrap/aamp-feishu-task-agent-bootstrap.sh"
      }
    }
  }
}
